
Microsoft Visual Studio Solution File, Format Version 12.00
# Visual Studio 15
VisualStudioVersion = 15.0.27004.2002
MinimumVisualStudioVersion = 10.0.40219.1
Project("{9A19103F-16F7-4668-BE54-9A1E7A4F7556}") = "ArcheryAppWebPlayground", "ArcheryAppWebPlayground\ArcheryAppWebPlayground.csproj", "{FED680D5-F602-48BE-B7D2-51B15D797287}"
EndProject
Project("{FAE04EC0-301F-11D3-BF4B-00C04F79EFBC}") = "AspNetFull", "AspNetFull\AspNetFull.csproj", "{1BB9196E-2EDF-4351-A38D-5FB03B34C676}"
EndProject
Project("{FAE04EC0-301F-11D3-BF4B-00C04F79EFBC}") = "AspNetFull.Tests", "AspNetFull.Tests\AspNetFull.Tests.csproj", "{8B61F4BA-E3CA-43B0-B6FC-8AD47E9832B2}"
EndProject
Global
	GlobalSection(SolutionConfigurationPlatforms) = preSolution
		Debug|Any CPU = Debug|Any CPU
		Release|Any CPU = Release|Any CPU
	EndGlobalSection
	GlobalSection(ProjectConfigurationPlatforms) = postSolution
		{FED680D5-F602-48BE-B7D2-51B15D797287}.Debug|Any CPU.ActiveCfg = Debug|Any CPU
		{FED680D5-F602-48BE-B7D2-51B15D797287}.Debug|Any CPU.Build.0 = Debug|Any CPU
		{FED680D5-F602-48BE-B7D2-51B15D797287}.Release|Any CPU.ActiveCfg = Release|Any CPU
		{FED680D5-F602-48BE-B7D2-51B15D797287}.Release|Any CPU.Build.0 = Release|Any CPU
		{1BB9196E-2EDF-4351-A38D-5FB03B34C676}.Debug|Any CPU.ActiveCfg = Debug|Any CPU
		{1BB9196E-2EDF-4351-A38D-5FB03B34C676}.Debug|Any CPU.Build.0 = Debug|Any CPU
		{1BB9196E-2EDF-4351-A38D-5FB03B34C676}.Release|Any CPU.ActiveCfg = Release|Any CPU
		{1BB9196E-2EDF-4351-A38D-5FB03B34C676}.Release|Any CPU.Build.0 = Release|Any CPU
		{8B61F4BA-E3CA-43B0-B6FC-8AD47E9832B2}.Debug|Any CPU.ActiveCfg = Debug|Any CPU
		{8B61F4BA-E3CA-43B0-B6FC-8AD47E9832B2}.Debug|Any CPU.Build.0 = Debug|Any CPU
		{8B61F4BA-E3CA-43B0-B6FC-8AD47E9832B2}.Release|Any CPU.ActiveCfg = Release|Any CPU
		{8B61F4BA-E3CA-43B0-B6FC-8AD47E9832B2}.Release|Any CPU.Build.0 = Release|Any CPU
	EndGlobalSection
	GlobalSection(SolutionProperties) = preSolution
		HideSolutionNode = FALSE
	EndGlobalSection
	GlobalSection(ExtensibilityGlobals) = postSolution
		SolutionGuid = {82D6F13F-EEEF-457D-BCE5-875ABD642FD5}
	EndGlobalSection
EndGlobal
